
Microsoft Visual Studio Solution File, Format Version 12.00
# Visual Studio Version 16
VisualStudioVersion = 16.0.29806.167
MinimumVisualStudioVersion = 10.0.40219.1
Project("{FAE04EC0-301F-11D3-BF4B-00C04F79EFBC}") = "ClientService.API", "ClientService.API\ClientService.API.csproj", "{074DDB18-EC5F-4F03-9B37-ACAB5052EB7A}"
EndProject
Project("{FAE04EC0-301F-11D3-BF4B-00C04F79EFBC}") = "ClientService.Data", "ClientService.Data\ClientService.Data.csproj", "{51250EB2-E725-4E7E-87C3-F58F7670D025}"
EndProject
Global
	GlobalSection(SolutionConfigurationPlatforms) = preSolution
		Debug|Any CPU = Debug|Any CPU
		Release|Any CPU = Release|Any CPU
	EndGlobalSection
	GlobalSection(ProjectConfigurationPlatforms) = postSolution
		{074DDB18-EC5F-4F03-9B37-ACAB5052EB7A}.Debug|Any CPU.ActiveCfg = Debug|Any CPU
		{074DDB18-EC5F-4F03-9B37-ACAB5052EB7A}.Debug|Any CPU.Build.0 = Debug|Any CPU
		{074DDB18-EC5F-4F03-9B37-ACAB5052EB7A}.Release|Any CPU.ActiveCfg = Release|Any CPU
		{074DDB18-EC5F-4F03-9B37-ACAB5052EB7A}.Release|Any CPU.Build.0 = Release|Any CPU
		{51250EB2-E725-4E7E-87C3-F58F7670D025}.Debug|Any CPU.ActiveCfg = Debug|Any CPU
		{51250EB2-E725-4E7E-87C3-F58F7670D025}.Debug|Any CPU.Build.0 = Debug|Any CPU
		{51250EB2-E725-4E7E-87C3-F58F7670D025}.Release|Any CPU.ActiveCfg = Release|Any CPU
		{51250EB2-E725-4E7E-87C3-F58F7670D025}.Release|Any CPU.Build.0 = Release|Any CPU
	EndGlobalSection
	GlobalSection(SolutionProperties) = preSolution
		HideSolutionNode = FALSE
	EndGlobalSection
	GlobalSection(ExtensibilityGlobals) = postSolution
		SolutionGuid = {74F6F676-2AC0-4911-9F3B-A31007B624AE}
	EndGlobalSection
EndGlobal
